
Microsoft Visual Studio Solution File, Format Version 12.00
# Visual Studio 15
VisualStudioVersion = 15.0.26228.9
MinimumVisualStudioVersion = 10.0.40219.1
Project("{FAE04EC0-301F-11D3-BF4B-00C04F79EFBC}") = "Ninject.Extensions.AutoBinding", "Ninject.Extensions.AutoBinding\Ninject.Extensions.AutoBinding.csproj", "{689128E4-5F05-4161-9496-E378037B74BA}"
EndProject
Project("{FAE04EC0-301F-11D3-BF4B-00C04F79EFBC}") = "Ninject.Extensions.AutoBindingTests", "Ninject.Extensions.AutoBindingTests\Ninject.Extensions.AutoBindingTests.csproj", "{421F0F21-92FB-4E8F-9A4F-64F48B9A4B66}"
EndProject
Project("{2150E333-8FDC-42A3-9474-1A3956D46DE8}") = "Solution Items", "Solution Items", "{5DE14EAA-665A-4179-904E-BCA5ED23E109}"
	ProjectSection(SolutionItems) = preProject
		README.md = README.md
	EndProjectSection
EndProject
Project("{FAE04EC0-301F-11D3-BF4B-00C04F79EFBC}") = "Ninject.Extensions.AutoBinding.Web", "Ninject.Extensions.AutoBinding.Web\Ninject.Extensions.AutoBinding.Web.csproj", "{5F66125A-DC12-4849-BB7F-003519BC6339}"
EndProject
Global
	GlobalSection(SolutionConfigurationPlatforms) = preSolution
		Debug|Any CPU = Debug|Any CPU
		Release|Any CPU = Release|Any CPU
	EndGlobalSection
	GlobalSection(ProjectConfigurationPlatforms) = postSolution
		{689128E4-5F05-4161-9496-E378037B74BA}.Debug|Any CPU.ActiveCfg = Debug|Any CPU
		{689128E4-5F05-4161-9496-E378037B74BA}.Debug|Any CPU.Build.0 = Debug|Any CPU
		{689128E4-5F05-4161-9496-E378037B74BA}.Release|Any CPU.ActiveCfg = Release|Any CPU
		{689128E4-5F05-4161-9496-E378037B74BA}.Release|Any CPU.Build.0 = Release|Any CPU
		{421F0F21-92FB-4E8F-9A4F-64F48B9A4B66}.Debug|Any CPU.ActiveCfg = Debug|Any CPU
		{421F0F21-92FB-4E8F-9A4F-64F48B9A4B66}.Debug|Any CPU.Build.0 = Debug|Any CPU
		{421F0F21-92FB-4E8F-9A4F-64F48B9A4B66}.Release|Any CPU.ActiveCfg = Release|Any CPU
		{421F0F21-92FB-4E8F-9A4F-64F48B9A4B66}.Release|Any CPU.Build.0 = Release|Any CPU
		{5F66125A-DC12-4849-BB7F-003519BC6339}.Debug|Any CPU.ActiveCfg = Debug|Any CPU
		{5F66125A-DC12-4849-BB7F-003519BC6339}.Debug|Any CPU.Build.0 = Debug|Any CPU
		{5F66125A-DC12-4849-BB7F-003519BC6339}.Release|Any CPU.ActiveCfg = Release|Any CPU
		{5F66125A-DC12-4849-BB7F-003519BC6339}.Release|Any CPU.Build.0 = Release|Any CPU
	EndGlobalSection
	GlobalSection(SolutionProperties) = preSolution
		HideSolutionNode = FALSE
	EndGlobalSection
EndGlobal
